# THIS IS AN AUTOGENERATED FILE. DO NOT EDIT THIS FILE DIRECTLY.
# yarn lockfile v1


co@3.1.0:
  version "3.1.0"
  resolved "https://registry.yarnpkg.com/co/-/co-3.1.0.tgz#4ea54ea5a08938153185e15210c68d9092bc1b78"

deepmerge@^1.3.2:
  version "1.3.2"
  resolved "https://registry.yarnpkg.com/deepmerge/-/deepmerge-1.3.2.tgz#1663691629d4dbfe364fa12a2a4f0aa86aa3a050"

ware@^1.3.0:
  version "1.3.0"
  resolved "https://registry.yarnpkg.com/ware/-/ware-1.3.0.tgz#d1b14f39d2e2cb4ab8c4098f756fe4b164e473d4"
  dependencies:
    wrap-fn "^0.1.0"

wrap-fn@^0.1.0:
  version "0.1.5"
  resolved "https://registry.yarnpkg.com/wrap-fn/-/wrap-fn-0.1.5.tgz#f21b6e41016ff4a7e31720dbc63a09016bdf9845"
  dependencies:
    co "3.1.0"
